
Microsoft Visual Studio Solution File, Format Version 12.00
# Visual Studio Version 16
VisualStudioVersion = 16.0.30907.101
MinimumVisualStudioVersion = 10.0.40219.1
Project("{FAE04EC0-301F-11D3-BF4B-00C04F79EFBC}") = "MyFirstAppMonkeyFinder.Android", "MyFirstAppMonkeyFinder\MyFirstAppMonkeyFinder.Android\MyFirstAppMonkeyFinder.Android.csproj", "{3269DCD7-FD41-42BD-99E6-1EEE889A25C7}"
EndProject
Project("{FAE04EC0-301F-11D3-BF4B-00C04F79EFBC}") = "MyFirstAppMonkeyFinder.iOS", "MyFirstAppMonkeyFinder\MyFirstAppMonkeyFinder.iOS\MyFirstAppMonkeyFinder.iOS.csproj", "{223ECD0D-E416-4012-B6E1-5DD949D20D95}"
EndProject
Project("{FAE04EC0-301F-11D3-BF4B-00C04F79EFBC}") = "MyFirstAppMonkeyFinder", "MyFirstAppMonkeyFinder\MyFirstAppMonkeyFinder\MyFirstAppMonkeyFinder.csproj", "{D93B3855-E77B-456B-8928-D16C139133B0}"
EndProject
Global
	GlobalSection(SolutionConfigurationPlatforms) = preSolution
		Debug|Any CPU = Debug|Any CPU
		Debug|iPhone = Debug|iPhone
		Debug|iPhoneSimulator = Debug|iPhoneSimulator
		Release|Any CPU = Release|Any CPU
		Release|iPhone = Release|iPhone
		Release|iPhoneSimulator = Release|iPhoneSimulator
	EndGlobalSection
	GlobalSection(ProjectConfigurationPlatforms) = postSolution
		{3269DCD7-FD41-42BD-99E6-1EEE889A25C7}.Debug|Any CPU.ActiveCfg = Debug|Any CPU
		{3269DCD7-FD41-42BD-99E6-1EEE889A25C7}.Debug|Any CPU.Build.0 = Debug|Any CPU
		{3269DCD7-FD41-42BD-99E6-1EEE889A25C7}.Debug|Any CPU.Deploy.0 = Debug|Any CPU
		{3269DCD7-FD41-42BD-99E6-1EEE889A25C7}.Debug|iPhone.ActiveCfg = Debug|Any CPU
		{3269DCD7-FD41-42BD-99E6-1EEE889A25C7}.Debug|iPhone.Build.0 = Debug|Any CPU
		{3269DCD7-FD41-42BD-99E6-1EEE889A25C7}.Debug|iPhone.Deploy.0 = Debug|Any CPU
		{3269DCD7-FD41-42BD-99E6-1EEE889A25C7}.Debug|iPhoneSimulator.ActiveCfg = Debug|Any CPU
		{3269DCD7-FD41-42BD-99E6-1EEE889A25C7}.Debug|iPhoneSimulator.Build.0 = Debug|Any CPU
		{3269DCD7-FD41-42BD-99E6-1EEE889A25C7}.Debug|iPhoneSimulator.Deploy.0 = Debug|Any CPU
		{3269DCD7-FD41-42BD-99E6-1EEE889A25C7}.Release|Any CPU.ActiveCfg = Release|Any CPU
		{3269DCD7-FD41-42BD-99E6-1EEE889A25C7}.Release|Any CPU.Build.0 = Release|Any CPU
		{3269DCD7-FD41-42BD-99E6-1EEE889A25C7}.Release|Any CPU.Deploy.0 = Release|Any CPU
		{3269DCD7-FD41-42BD-99E6-1EEE889A25C7}.Release|iPhone.ActiveCfg = Release|Any CPU
		{3269DCD7-FD41-42BD-99E6-1EEE889A25C7}.Release|iPhone.Build.0 = Release|Any CPU
		{3269DCD7-FD41-42BD-99E6-1EEE889A25C7}.Release|iPhone.Deploy.0 = Release|Any CPU
		{3269DCD7-FD41-42BD-99E6-1EEE889A25C7}.Release|iPhoneSimulator.ActiveCfg = Release|Any CPU
		{3269DCD7-FD41-42BD-99E6-1EEE889A25C7}.Release|iPhoneSimulator.Build.0 = Release|Any CPU
		{3269DCD7-FD41-42BD-99E6-1EEE889A25C7}.Release|iPhoneSimulator.Deploy.0 = Release|Any CPU
		{223ECD0D-E416-4012-B6E1-5DD949D20D95}.Debug|Any CPU.ActiveCfg = Debug|iPhone
		{223ECD0D-E416-4012-B6E1-5DD949D20D95}.Debug|Any CPU.Build.0 = Debug|iPhone
		{223ECD0D-E416-4012-B6E1-5DD949D20D95}.Debug|Any CPU.Deploy.0 = Debug|iPhone
		{223ECD0D-E416-4012-B6E1-5DD949D20D95}.Debug|iPhone.ActiveCfg = Debug|iPhone
		{223ECD0D-E416-4012-B6E1-5DD949D20D95}.Debug|iPhone.Build.0 = Debug|iPhone
		{223ECD0D-E416-4012-B6E1-5DD949D20D95}.Debug|iPhone.Deploy.0 = Debug|iPhone
		{223ECD0D-E416-4012-B6E1-5DD949D20D95}.Debug|iPhoneSimulator.ActiveCfg = Debug|iPhoneSimulator
		{223ECD0D-E416-4012-B6E1-5DD949D20D95}.Debug|iPhoneSimulator.Build.0 = Debug|iPhoneSimulator
		{223ECD0D-E416-4012-B6E1-5DD949D20D95}.Debug|iPhoneSimulator.Deploy.0 = Debug|iPhoneSimulator
		{223ECD0D-E416-4012-B6E1-5DD949D20D95}.Release|Any CPU.ActiveCfg = Release|iPhoneSimulator
		{223ECD0D-E416-4012-B6E1-5DD949D20D95}.Release|Any CPU.Build.0 = Release|iPhoneSimulator
		{223ECD0D-E416-4012-B6E1-5DD949D20D95}.Release|Any CPU.Deploy.0 = Release|iPhoneSimulator
		{223ECD0D-E416-4012-B6E1-5DD949D20D95}.Release|iPhone.ActiveCfg = Release|iPhone
		{223ECD0D-E416-4012-B6E1-5DD949D20D95}.Release|iPhone.Build.0 = Release|iPhone
		{223ECD0D-E416-4012-B6E1-5DD949D20D95}.Release|iPhone.Deploy.0 = Release|iPhone
		{223ECD0D-E416-4012-B6E1-5DD949D20D95}.Release|iPhoneSimulator.ActiveCfg = Release|iPhoneSimulator
		{223ECD0D-E416-4012-B6E1-5DD949D20D95}.Release|iPhoneSimulator.Build.0 = Release|iPhoneSimulator
		{223ECD0D-E416-4012-B6E1-5DD949D20D95}.Release|iPhoneSimulator.Deploy.0 = Release|iPhoneSimulator
		{D93B3855-E77B-456B-8928-D16C139133B0}.Debug|Any CPU.ActiveCfg = Debug|Any CPU
		{D93B3855-E77B-456B-8928-D16C139133B0}.Debug|Any CPU.Build.0 = Debug|Any CPU
		{D93B3855-E77B-456B-8928-D16C139133B0}.Debug|Any CPU.Deploy.0 = Debug|Any CPU
		{D93B3855-E77B-456B-8928-D16C139133B0}.Debug|iPhone.ActiveCfg = Debug|Any CPU
		{D93B3855-E77B-456B-8928-D16C139133B0}.Debug|iPhone.Build.0 = Debug|Any CPU
		{D93B3855-E77B-456B-8928-D16C139133B0}.Debug|iPhone.Deploy.0 = Debug|Any CPU
		{D93B3855-E77B-456B-8928-D16C139133B0}.Debug|iPhoneSimulator.ActiveCfg = Debug|Any CPU
		{D93B3855-E77B-456B-8928-D16C139133B0}.Debug|iPhoneSimulator.Build.0 = Debug|Any CPU
		{D93B3855-E77B-456B-8928-D16C139133B0}.Debug|iPhoneSimulator.Deploy.0 = Debug|Any CPU
		{D93B3855-E77B-456B-8928-D16C139133B0}.Release|Any CPU.ActiveCfg = Release|Any CPU
		{D93B3855-E77B-456B-8928-D16C139133B0}.Release|Any CPU.Build.0 = Release|Any CPU
		{D93B3855-E77B-456B-8928-D16C139133B0}.Release|Any CPU.Deploy.0 = Release|Any CPU
		{D93B3855-E77B-456B-8928-D16C139133B0}.Release|iPhone.ActiveCfg = Release|Any CPU
		{D93B3855-E77B-456B-8928-D16C139133B0}.Release|iPhone.Build.0 = Release|Any CPU
		{D93B3855-E77B-456B-8928-D16C139133B0}.Release|iPhone.Deploy.0 = Release|Any CPU
		{D93B3855-E77B-456B-8928-D16C139133B0}.Release|iPhoneSimulator.ActiveCfg = Release|Any CPU
		{D93B3855-E77B-456B-8928-D16C139133B0}.Release|iPhoneSimulator.Build.0 = Release|Any CPU
		{D93B3855-E77B-456B-8928-D16C139133B0}.Release|iPhoneSimulator.Deploy.0 = Release|Any CPU
	EndGlobalSection
	GlobalSection(SolutionProperties) = preSolution
		HideSolutionNode = FALSE
	EndGlobalSection
	GlobalSection(ExtensibilityGlobals) = postSolution
		SolutionGuid = {626E21B2-73CD-4849-9235-A93063F2AC4E}
	EndGlobalSection
EndGlobal
